
Microsoft Visual Studio Solution File, Format Version 12.00
Project("{2150E333-8FDC-42A3-9474-1A3956D46DE8}") = "Solution Items", "Solution Items", "{33E7178C-BB27-409E-94A1-47EF2CD9EF75}"
	ProjectSection(SolutionItems) = preProject
		compose.yaml = compose.yaml
	EndProjectSection
EndProject
Project("{2150E333-8FDC-42A3-9474-1A3956D46DE8}") = "Services", "Services", "{DB6BE480-3758-48ED-8261-8F8F3DFCFCBB}"
	ProjectSection(SolutionItems) = preProject
		Services\.env = Services\.env
	EndProjectSection
EndProject
Project("{2150E333-8FDC-42A3-9474-1A3956D46DE8}") = "AuthService", "AuthService", "{7735D66C-F8B2-4FF5-9675-FD1E441E0AA0}"
EndProject
Project("{2150E333-8FDC-42A3-9474-1A3956D46DE8}") = "StudentService", "StudentService", "{F2898991-8067-41EE-8B83-F635F040D477}"
EndProject
Project("{2150E333-8FDC-42A3-9474-1A3956D46DE8}") = "TeacherService", "TeacherService", "{C0D8A41A-C0DD-4EFF-932D-717DCF296549}"
EndProject
Project("{2150E333-8FDC-42A3-9474-1A3956D46DE8}") = "CourseService", "CourseService", "{B50AF2DE-F02F-426B-80A8-21588622A053}"
EndProject
Project("{2150E333-8FDC-42A3-9474-1A3956D46DE8}") = "QuizService", "QuizService", "{8412F6B5-9DD5-405B-BCFF-17107D39E7E3}"
EndProject
Project("{2150E333-8FDC-42A3-9474-1A3956D46DE8}") = "PaymetService", "PaymetService", "{F14DA93A-EF27-454E-A070-16CA1288A2D3}"
EndProject
Project("{2150E333-8FDC-42A3-9474-1A3956D46DE8}") = "AiService", "AiService", "{C998EC24-333A-4F77-9624-DAA3B2C202B7}"
EndProject
Project("{2150E333-8FDC-42A3-9474-1A3956D46DE8}") = "UtilityService", "UtilityService", "{74D8CEA0-C915-4A3C-8201-DE4A3043E9B0}"
EndProject
Project("{2150E333-8FDC-42A3-9474-1A3956D46DE8}") = "NotificationService", "NotificationService", "{D509178C-E085-4EE0-A2F6-FC905A227FD1}"
EndProject
Project("{2150E333-8FDC-42A3-9474-1A3956D46DE8}") = "BaseService", "BaseService", "{7ACBC8A5-E9D1-4BB7-BBE0-D9C28B8D731D}"
EndProject
Project("{FAE04EC0-301F-11D3-BF4B-00C04F79EFBC}") = "BaseService.Application", "Services\BaseService\BaseService.Application\BaseService.Application.csproj", "{025E135C-E3D3-4111-BA29-011AC81D576A}"
EndProject
Project("{FAE04EC0-301F-11D3-BF4B-00C04F79EFBC}") = "BaseService.Infrastructure", "Services\BaseService\BaseService.Infrastructure\BaseService.Infrastructure.csproj", "{06DE16F3-5B3B-482E-BCC5-E227BA44BD70}"
EndProject
Project("{FAE04EC0-301F-11D3-BF4B-00C04F79EFBC}") = "BaseService.Common", "Services\BaseService\BaseService.Common\BaseService.Common.csproj", "{B22B83AC-2F10-4FAF-B3E1-3DF2BD4D6F51}"
EndProject
Project("{FAE04EC0-301F-11D3-BF4B-00C04F79EFBC}") = "BaseService.Domain", "Services\BaseService\BaseService.Domain\BaseService.Domain.csproj", "{74BA52D4-9B02-46A2-949A-17C6E771F3D8}"
EndProject
Project("{2150E333-8FDC-42A3-9474-1A3956D46DE8}") = "Gateways", "Gateways", "{8D63378E-6941-4164-B2BF-EC4A8B84A90E}"
EndProject
Project("{FAE04EC0-301F-11D3-BF4B-00C04F79EFBC}") = "AuthService.API", "Services\AuthService\AuthService.API\AuthService.API.csproj", "{2196AA57-3C0B-4FE9-A912-1E2783698B30}"
EndProject
Project("{FAE04EC0-301F-11D3-BF4B-00C04F79EFBC}") = "AuthService.Application", "Services\AuthService\AuthService.Application\AuthService.Application.csproj", "{C5A77969-F123-4C18-8285-2A2CC03A57DE}"
EndProject
Project("{FAE04EC0-301F-11D3-BF4B-00C04F79EFBC}") = "AuthService.Domain", "Services\AuthService\AuthService.Domain\AuthService.Domain.csproj", "{29AE5EB0-F3E6-4B64-BCA5-066630437F98}"
EndProject
Project("{FAE04EC0-301F-11D3-BF4B-00C04F79EFBC}") = "AuthService.Infrastructure", "Services\AuthService\AuthService.Infrastructure\AuthService.Infrastructure.csproj", "{C18C1AD1-5079-4C04-88D9-DD0A670B00A0}"
EndProject
Project("{FAE04EC0-301F-11D3-BF4B-00C04F79EFBC}") = "ReverseProxy", "Gateways\ReverseProxy\ReverseProxy.csproj", "{392BA9E6-08E5-47F0-9AFB-D4E98A8F3CA6}"
EndProject
Project("{2150E333-8FDC-42A3-9474-1A3956D46DE8}") = "BuildingBlocks", "BuildingBlocks", "{9B7497B2-54CE-42B6-93F6-AAFF732B0452}"
EndProject
Project("{FAE04EC0-301F-11D3-BF4B-00C04F79EFBC}") = "BuildingBlocks", "BuildingBlocks\BuildingBlocks\BuildingBlocks.csproj", "{FDA8051B-952F-4EB7-A6DC-7FF1D035ECE6}"
EndProject
Project("{FAE04EC0-301F-11D3-BF4B-00C04F79EFBC}") = "BuildingBlocks.Messaging", "BuildingBlocks\BuildingBlocks.Messaging\BuildingBlocks.Messaging.csproj", "{EED809CB-E402-4BAA-9933-B79832FEFB44}"
EndProject
Project("{FAE04EC0-301F-11D3-BF4B-00C04F79EFBC}") = "StudentService.API", "Services\StudentService\StudentService.API\StudentService.API.csproj", "{144D16BE-9E9D-4957-AEA2-566F2D150557}"
EndProject
Project("{FAE04EC0-301F-11D3-BF4B-00C04F79EFBC}") = "StudentService.Application", "Services\StudentService\StudentService.Application\StudentService.Application.csproj", "{E6EBD2EB-66B9-4D31-AB00-5B72B9D34E92}"
EndProject
Project("{FAE04EC0-301F-11D3-BF4B-00C04F79EFBC}") = "StudentService.Infrastructure", "Services\StudentService\StudentService.Infrastructure\StudentService.Infrastructure.csproj", "{31F5BD91-1932-4C02-A42A-E1BB0FA76133}"
EndProject
Project("{FAE04EC0-301F-11D3-BF4B-00C04F79EFBC}") = "StudentService.Domain", "Services\StudentService\StudentService.Domain\StudentService.Domain.csproj", "{871796EC-4E31-45FF-9DB6-3F32D3141469}"
EndProject
Project("{FAE04EC0-301F-11D3-BF4B-00C04F79EFBC}") = "BaseService.API", "Services\BaseService\BaseService.API\BaseService.API.csproj", "{BCFE9C0F-3D16-47FD-A8E3-F2D25F0F1BBC}"
EndProject
Project("{FAE04EC0-301F-11D3-BF4B-00C04F79EFBC}") = "QuizService.API", "Services\QuizService\QuizService.API\QuizService.API.csproj", "{AE03B907-2924-444A-AA4F-CB4E690686D7}"
EndProject
Project("{FAE04EC0-301F-11D3-BF4B-00C04F79EFBC}") = "QuizService.Application", "Services\QuizService\QuizService.Application\QuizService.Application.csproj", "{A69A12ED-7E15-44CA-B742-801EEBC1F526}"
EndProject
Project("{FAE04EC0-301F-11D3-BF4B-00C04F79EFBC}") = "QuizService.Domain", "Services\QuizService\QuizService.Domain\QuizService.Domain.csproj", "{14EF29CF-F1FA-4DF6-8EE1-5A5CFA27ED6D}"
EndProject
Project("{FAE04EC0-301F-11D3-BF4B-00C04F79EFBC}") = "QuizService.Infrastructure", "Services\QuizService\QuizService.Infrastructure\QuizService.Infrastructure.csproj", "{1040F67E-CA75-4593-A74B-33F61EFEAFEC}"
EndProject
Project("{FAE04EC0-301F-11D3-BF4B-00C04F79EFBC}") = "TeacherService.API", "Services\TeacherService\TeacherService.API\TeacherService.API.csproj", "{180BC8B0-3D7E-4DCF-98F1-F645FA9ED3BF}"
EndProject
Project("{FAE04EC0-301F-11D3-BF4B-00C04F79EFBC}") = "UtilityService.API", "Services\UtilityService\UtilityService.API\UtilityService.API.csproj", "{AD919499-FC27-4C13-9762-73D5F05B337F}"
EndProject
Project("{FAE04EC0-301F-11D3-BF4B-00C04F79EFBC}") = "TeacherService.Application", "Services\TeacherService\TeacherService.Application\TeacherService.Application.csproj", "{B5AAD35B-DD8E-4428-BF59-128BD1EA692D}"
EndProject
Project("{FAE04EC0-301F-11D3-BF4B-00C04F79EFBC}") = "TeacherService.Domain", "Services\TeacherService\TeacherService.Domain\TeacherService.Domain.csproj", "{94800262-9CB0-4E55-8324-EBEF414ECD13}"
EndProject
Project("{FAE04EC0-301F-11D3-BF4B-00C04F79EFBC}") = "TeacherService.Infrastructure", "Services\TeacherService\TeacherService.Infrastructure\TeacherService.Infrastructure.csproj", "{104CBB40-3D86-4336-83C6-8050FD5CAA45}"
EndProject
Project("{FAE04EC0-301F-11D3-BF4B-00C04F79EFBC}") = "UtilityService.Application", "Services\UtilityService\UtilityService.Application\UtilityService.Application.csproj", "{51AC38BC-62E4-4F04-9C9A-A7F49B6A4490}"
EndProject
Project("{FAE04EC0-301F-11D3-BF4B-00C04F79EFBC}") = "UtilityService.Domain", "Services\UtilityService\UtilityService.Domain\UtilityService.Domain.csproj", "{A5AB110A-7CCD-488C-B694-8B2E9D4C8E70}"
EndProject
Project("{FAE04EC0-301F-11D3-BF4B-00C04F79EFBC}") = "UtilityService.Infrastructure", "Services\UtilityService\UtilityService.Infrastructure\UtilityService.Infrastructure.csproj", "{DC464EDC-E43C-42A2-900B-14EA6E4166B0}"
EndProject
Project("{FAE04EC0-301F-11D3-BF4B-00C04F79EFBC}") = "PaymentService.API", "Services\PaymentService\PaymentService.API\PaymentService.API.csproj", "{1CA756B8-2749-4656-84C2-16C10C83764A}"
EndProject
Project("{FAE04EC0-301F-11D3-BF4B-00C04F79EFBC}") = "PaymentService.Application", "Services\PaymentService\PaymentService.Application\PaymentService.Application.csproj", "{A2CFFB8F-7DFF-4FBA-BC7B-7CA88481596A}"
EndProject
Project("{FAE04EC0-301F-11D3-BF4B-00C04F79EFBC}") = "PaymentService.Domain", "Services\PaymentService\PaymentService.Domain\PaymentService.Domain.csproj", "{B1629767-2E61-4E44-86CD-4D3E892548BB}"
EndProject
Project("{FAE04EC0-301F-11D3-BF4B-00C04F79EFBC}") = "PaymentService.Infrastructure", "Services\PaymentService\PaymentService.Infrastructure\PaymentService.Infrastructure.csproj", "{DFDABEB2-3DAB-435F-8C2F-7793A9076864}"
EndProject
Project("{FAE04EC0-301F-11D3-BF4B-00C04F79EFBC}") = "NotificationService.Domain", "Services\NotificationService\NotificationService.Domain\NotificationService.Domain.csproj", "{528BABD2-1DF5-4FFC-A6C1-18FC2907CE74}"
EndProject
Project("{FAE04EC0-301F-11D3-BF4B-00C04F79EFBC}") = "NotificationService.Application", "Services\NotificationService\NotificationService.Application\NotificationService.Application.csproj", "{DC04A823-2B38-4A51-86F2-BC7DB31424F9}"
EndProject
Project("{FAE04EC0-301F-11D3-BF4B-00C04F79EFBC}") = "NotificationService.Infrastructure", "Services\NotificationService\NotificationService.Infrastructure\NotificationService.Infrastructure.csproj", "{96921727-160F-45C7-B99E-5DF2E9F79DFF}"
EndProject
Project("{FAE04EC0-301F-11D3-BF4B-00C04F79EFBC}") = "NotificationService.API", "Services\NotificationService\NotificationService.API\NotificationService.API.csproj", "{FC169E24-29CB-493B-9A5F-633397AF3195}"
EndProject
Global
	GlobalSection(SolutionConfigurationPlatforms) = preSolution
		Debug|Any CPU = Debug|Any CPU
		Release|Any CPU = Release|Any CPU
	EndGlobalSection
	GlobalSection(ProjectConfigurationPlatforms) = postSolution
		{025E135C-E3D3-4111-BA29-011AC81D576A}.Debug|Any CPU.ActiveCfg = Debug|Any CPU
		{025E135C-E3D3-4111-BA29-011AC81D576A}.Debug|Any CPU.Build.0 = Debug|Any CPU
		{025E135C-E3D3-4111-BA29-011AC81D576A}.Release|Any CPU.ActiveCfg = Release|Any CPU
		{025E135C-E3D3-4111-BA29-011AC81D576A}.Release|Any CPU.Build.0 = Release|Any CPU
		{06DE16F3-5B3B-482E-BCC5-E227BA44BD70}.Debug|Any CPU.ActiveCfg = Debug|Any CPU
		{06DE16F3-5B3B-482E-BCC5-E227BA44BD70}.Debug|Any CPU.Build.0 = Debug|Any CPU
		{06DE16F3-5B3B-482E-BCC5-E227BA44BD70}.Release|Any CPU.ActiveCfg = Release|Any CPU
		{06DE16F3-5B3B-482E-BCC5-E227BA44BD70}.Release|Any CPU.Build.0 = Release|Any CPU
		{B22B83AC-2F10-4FAF-B3E1-3DF2BD4D6F51}.Debug|Any CPU.ActiveCfg = Debug|Any CPU
		{B22B83AC-2F10-4FAF-B3E1-3DF2BD4D6F51}.Debug|Any CPU.Build.0 = Debug|Any CPU
		{B22B83AC-2F10-4FAF-B3E1-3DF2BD4D6F51}.Release|Any CPU.ActiveCfg = Release|Any CPU
		{B22B83AC-2F10-4FAF-B3E1-3DF2BD4D6F51}.Release|Any CPU.Build.0 = Release|Any CPU
		{74BA52D4-9B02-46A2-949A-17C6E771F3D8}.Debug|Any CPU.ActiveCfg = Debug|Any CPU
		{74BA52D4-9B02-46A2-949A-17C6E771F3D8}.Debug|Any CPU.Build.0 = Debug|Any CPU
		{74BA52D4-9B02-46A2-949A-17C6E771F3D8}.Release|Any CPU.ActiveCfg = Release|Any CPU
		{74BA52D4-9B02-46A2-949A-17C6E771F3D8}.Release|Any CPU.Build.0 = Release|Any CPU
		{2196AA57-3C0B-4FE9-A912-1E2783698B30}.Debug|Any CPU.ActiveCfg = Debug|Any CPU
		{2196AA57-3C0B-4FE9-A912-1E2783698B30}.Debug|Any CPU.Build.0 = Debug|Any CPU
		{2196AA57-3C0B-4FE9-A912-1E2783698B30}.Release|Any CPU.ActiveCfg = Release|Any CPU
		{2196AA57-3C0B-4FE9-A912-1E2783698B30}.Release|Any CPU.Build.0 = Release|Any CPU
		{C5A77969-F123-4C18-8285-2A2CC03A57DE}.Debug|Any CPU.ActiveCfg = Debug|Any CPU
		{C5A77969-F123-4C18-8285-2A2CC03A57DE}.Debug|Any CPU.Build.0 = Debug|Any CPU
		{C5A77969-F123-4C18-8285-2A2CC03A57DE}.Release|Any CPU.ActiveCfg = Release|Any CPU
		{C5A77969-F123-4C18-8285-2A2CC03A57DE}.Release|Any CPU.Build.0 = Release|Any CPU
		{29AE5EB0-F3E6-4B64-BCA5-066630437F98}.Debug|Any CPU.ActiveCfg = Debug|Any CPU
		{29AE5EB0-F3E6-4B64-BCA5-066630437F98}.Debug|Any CPU.Build.0 = Debug|Any CPU
		{29AE5EB0-F3E6-4B64-BCA5-066630437F98}.Release|Any CPU.ActiveCfg = Release|Any CPU
		{29AE5EB0-F3E6-4B64-BCA5-066630437F98}.Release|Any CPU.Build.0 = Release|Any CPU
		{C18C1AD1-5079-4C04-88D9-DD0A670B00A0}.Debug|Any CPU.ActiveCfg = Debug|Any CPU
		{C18C1AD1-5079-4C04-88D9-DD0A670B00A0}.Debug|Any CPU.Build.0 = Debug|Any CPU
		{C18C1AD1-5079-4C04-88D9-DD0A670B00A0}.Release|Any CPU.ActiveCfg = Release|Any CPU
		{C18C1AD1-5079-4C04-88D9-DD0A670B00A0}.Release|Any CPU.Build.0 = Release|Any CPU
		{392BA9E6-08E5-47F0-9AFB-D4E98A8F3CA6}.Debug|Any CPU.ActiveCfg = Debug|Any CPU
		{392BA9E6-08E5-47F0-9AFB-D4E98A8F3CA6}.Debug|Any CPU.Build.0 = Debug|Any CPU
		{392BA9E6-08E5-47F0-9AFB-D4E98A8F3CA6}.Release|Any CPU.ActiveCfg = Release|Any CPU
		{392BA9E6-08E5-47F0-9AFB-D4E98A8F3CA6}.Release|Any CPU.Build.0 = Release|Any CPU
		{FDA8051B-952F-4EB7-A6DC-7FF1D035ECE6}.Debug|Any CPU.ActiveCfg = Debug|Any CPU
		{FDA8051B-952F-4EB7-A6DC-7FF1D035ECE6}.Debug|Any CPU.Build.0 = Debug|Any CPU
		{FDA8051B-952F-4EB7-A6DC-7FF1D035ECE6}.Release|Any CPU.ActiveCfg = Release|Any CPU
		{FDA8051B-952F-4EB7-A6DC-7FF1D035ECE6}.Release|Any CPU.Build.0 = Release|Any CPU
		{EED809CB-E402-4BAA-9933-B79832FEFB44}.Debug|Any CPU.ActiveCfg = Debug|Any CPU
		{EED809CB-E402-4BAA-9933-B79832FEFB44}.Debug|Any CPU.Build.0 = Debug|Any CPU
		{EED809CB-E402-4BAA-9933-B79832FEFB44}.Release|Any CPU.ActiveCfg = Release|Any CPU
		{EED809CB-E402-4BAA-9933-B79832FEFB44}.Release|Any CPU.Build.0 = Release|Any CPU
		{144D16BE-9E9D-4957-AEA2-566F2D150557}.Debug|Any CPU.ActiveCfg = Debug|Any CPU
		{144D16BE-9E9D-4957-AEA2-566F2D150557}.Debug|Any CPU.Build.0 = Debug|Any CPU
		{144D16BE-9E9D-4957-AEA2-566F2D150557}.Release|Any CPU.ActiveCfg = Release|Any CPU
		{144D16BE-9E9D-4957-AEA2-566F2D150557}.Release|Any CPU.Build.0 = Release|Any CPU
		{E6EBD2EB-66B9-4D31-AB00-5B72B9D34E92}.Debug|Any CPU.ActiveCfg = Debug|Any CPU
		{E6EBD2EB-66B9-4D31-AB00-5B72B9D34E92}.Debug|Any CPU.Build.0 = Debug|Any CPU
		{E6EBD2EB-66B9-4D31-AB00-5B72B9D34E92}.Release|Any CPU.ActiveCfg = Release|Any CPU
		{E6EBD2EB-66B9-4D31-AB00-5B72B9D34E92}.Release|Any CPU.Build.0 = Release|Any CPU
		{31F5BD91-1932-4C02-A42A-E1BB0FA76133}.Debug|Any CPU.ActiveCfg = Debug|Any CPU
		{31F5BD91-1932-4C02-A42A-E1BB0FA76133}.Debug|Any CPU.Build.0 = Debug|Any CPU
		{31F5BD91-1932-4C02-A42A-E1BB0FA76133}.Release|Any CPU.ActiveCfg = Release|Any CPU
		{31F5BD91-1932-4C02-A42A-E1BB0FA76133}.Release|Any CPU.Build.0 = Release|Any CPU
		{871796EC-4E31-45FF-9DB6-3F32D3141469}.Debug|Any CPU.ActiveCfg = Debug|Any CPU
		{871796EC-4E31-45FF-9DB6-3F32D3141469}.Debug|Any CPU.Build.0 = Debug|Any CPU
		{871796EC-4E31-45FF-9DB6-3F32D3141469}.Release|Any CPU.ActiveCfg = Release|Any CPU
		{871796EC-4E31-45FF-9DB6-3F32D3141469}.Release|Any CPU.Build.0 = Release|Any CPU
		{BCFE9C0F-3D16-47FD-A8E3-F2D25F0F1BBC}.Debug|Any CPU.ActiveCfg = Debug|Any CPU
		{BCFE9C0F-3D16-47FD-A8E3-F2D25F0F1BBC}.Debug|Any CPU.Build.0 = Debug|Any CPU
		{BCFE9C0F-3D16-47FD-A8E3-F2D25F0F1BBC}.Release|Any CPU.ActiveCfg = Release|Any CPU
		{BCFE9C0F-3D16-47FD-A8E3-F2D25F0F1BBC}.Release|Any CPU.Build.0 = Release|Any CPU
		{AE03B907-2924-444A-AA4F-CB4E690686D7}.Debug|Any CPU.ActiveCfg = Debug|Any CPU
		{AE03B907-2924-444A-AA4F-CB4E690686D7}.Debug|Any CPU.Build.0 = Debug|Any CPU
		{AE03B907-2924-444A-AA4F-CB4E690686D7}.Release|Any CPU.ActiveCfg = Release|Any CPU
		{AE03B907-2924-444A-AA4F-CB4E690686D7}.Release|Any CPU.Build.0 = Release|Any CPU
		{A69A12ED-7E15-44CA-B742-801EEBC1F526}.Debug|Any CPU.ActiveCfg = Debug|Any CPU
		{A69A12ED-7E15-44CA-B742-801EEBC1F526}.Debug|Any CPU.Build.0 = Debug|Any CPU
		{A69A12ED-7E15-44CA-B742-801EEBC1F526}.Release|Any CPU.ActiveCfg = Release|Any CPU
		{A69A12ED-7E15-44CA-B742-801EEBC1F526}.Release|Any CPU.Build.0 = Release|Any CPU
		{14EF29CF-F1FA-4DF6-8EE1-5A5CFA27ED6D}.Debug|Any CPU.ActiveCfg = Debug|Any CPU
		{14EF29CF-F1FA-4DF6-8EE1-5A5CFA27ED6D}.Debug|Any CPU.Build.0 = Debug|Any CPU
		{14EF29CF-F1FA-4DF6-8EE1-5A5CFA27ED6D}.Release|Any CPU.ActiveCfg = Release|Any CPU
		{14EF29CF-F1FA-4DF6-8EE1-5A5CFA27ED6D}.Release|Any CPU.Build.0 = Release|Any CPU
		{1040F67E-CA75-4593-A74B-33F61EFEAFEC}.Debug|Any CPU.ActiveCfg = Debug|Any CPU
		{1040F67E-CA75-4593-A74B-33F61EFEAFEC}.Debug|Any CPU.Build.0 = Debug|Any CPU
		{1040F67E-CA75-4593-A74B-33F61EFEAFEC}.Release|Any CPU.ActiveCfg = Release|Any CPU
		{1040F67E-CA75-4593-A74B-33F61EFEAFEC}.Release|Any CPU.Build.0 = Release|Any CPU
		{180BC8B0-3D7E-4DCF-98F1-F645FA9ED3BF}.Debug|Any CPU.ActiveCfg = Debug|Any CPU
		{180BC8B0-3D7E-4DCF-98F1-F645FA9ED3BF}.Debug|Any CPU.Build.0 = Debug|Any CPU
		{180BC8B0-3D7E-4DCF-98F1-F645FA9ED3BF}.Release|Any CPU.ActiveCfg = Release|Any CPU
		{180BC8B0-3D7E-4DCF-98F1-F645FA9ED3BF}.Release|Any CPU.Build.0 = Release|Any CPU
		{AD919499-FC27-4C13-9762-73D5F05B337F}.Debug|Any CPU.ActiveCfg = Debug|Any CPU
		{AD919499-FC27-4C13-9762-73D5F05B337F}.Debug|Any CPU.Build.0 = Debug|Any CPU
		{AD919499-FC27-4C13-9762-73D5F05B337F}.Release|Any CPU.ActiveCfg = Release|Any CPU
		{AD919499-FC27-4C13-9762-73D5F05B337F}.Release|Any CPU.Build.0 = Release|Any CPU
		{B5AAD35B-DD8E-4428-BF59-128BD1EA692D}.Debug|Any CPU.ActiveCfg = Debug|Any CPU
		{B5AAD35B-DD8E-4428-BF59-128BD1EA692D}.Debug|Any CPU.Build.0 = Debug|Any CPU
		{B5AAD35B-DD8E-4428-BF59-128BD1EA692D}.Release|Any CPU.ActiveCfg = Release|Any CPU
		{B5AAD35B-DD8E-4428-BF59-128BD1EA692D}.Release|Any CPU.Build.0 = Release|Any CPU
		{94800262-9CB0-4E55-8324-EBEF414ECD13}.Debug|Any CPU.ActiveCfg = Debug|Any CPU
		{94800262-9CB0-4E55-8324-EBEF414ECD13}.Debug|Any CPU.Build.0 = Debug|Any CPU
		{94800262-9CB0-4E55-8324-EBEF414ECD13}.Release|Any CPU.ActiveCfg = Release|Any CPU
		{94800262-9CB0-4E55-8324-EBEF414ECD13}.Release|Any CPU.Build.0 = Release|Any CPU
		{104CBB40-3D86-4336-83C6-8050FD5CAA45}.Debug|Any CPU.ActiveCfg = Debug|Any CPU
		{104CBB40-3D86-4336-83C6-8050FD5CAA45}.Debug|Any CPU.Build.0 = Debug|Any CPU
		{104CBB40-3D86-4336-83C6-8050FD5CAA45}.Release|Any CPU.ActiveCfg = Release|Any CPU
		{104CBB40-3D86-4336-83C6-8050FD5CAA45}.Release|Any CPU.Build.0 = Release|Any CPU
		{51AC38BC-62E4-4F04-9C9A-A7F49B6A4490}.Debug|Any CPU.ActiveCfg = Debug|Any CPU
		{51AC38BC-62E4-4F04-9C9A-A7F49B6A4490}.Debug|Any CPU.Build.0 = Debug|Any CPU
		{51AC38BC-62E4-4F04-9C9A-A7F49B6A4490}.Release|Any CPU.ActiveCfg = Release|Any CPU
		{51AC38BC-62E4-4F04-9C9A-A7F49B6A4490}.Release|Any CPU.Build.0 = Release|Any CPU
		{A5AB110A-7CCD-488C-B694-8B2E9D4C8E70}.Debug|Any CPU.ActiveCfg = Debug|Any CPU
		{A5AB110A-7CCD-488C-B694-8B2E9D4C8E70}.Debug|Any CPU.Build.0 = Debug|Any CPU
		{A5AB110A-7CCD-488C-B694-8B2E9D4C8E70}.Release|Any CPU.ActiveCfg = Release|Any CPU
		{A5AB110A-7CCD-488C-B694-8B2E9D4C8E70}.Release|Any CPU.Build.0 = Release|Any CPU
		{DC464EDC-E43C-42A2-900B-14EA6E4166B0}.Debug|Any CPU.ActiveCfg = Debug|Any CPU
		{DC464EDC-E43C-42A2-900B-14EA6E4166B0}.Debug|Any CPU.Build.0 = Debug|Any CPU
		{DC464EDC-E43C-42A2-900B-14EA6E4166B0}.Release|Any CPU.ActiveCfg = Release|Any CPU
		{DC464EDC-E43C-42A2-900B-14EA6E4166B0}.Release|Any CPU.Build.0 = Release|Any CPU
		{1CA756B8-2749-4656-84C2-16C10C83764A}.Debug|Any CPU.ActiveCfg = Debug|Any CPU
		{1CA756B8-2749-4656-84C2-16C10C83764A}.Debug|Any CPU.Build.0 = Debug|Any CPU
		{1CA756B8-2749-4656-84C2-16C10C83764A}.Release|Any CPU.ActiveCfg = Release|Any CPU
		{1CA756B8-2749-4656-84C2-16C10C83764A}.Release|Any CPU.Build.0 = Release|Any CPU
		{A2CFFB8F-7DFF-4FBA-BC7B-7CA88481596A}.Debug|Any CPU.ActiveCfg = Debug|Any CPU
		{A2CFFB8F-7DFF-4FBA-BC7B-7CA88481596A}.Debug|Any CPU.Build.0 = Debug|Any CPU
		{A2CFFB8F-7DFF-4FBA-BC7B-7CA88481596A}.Release|Any CPU.ActiveCfg = Release|Any CPU
		{A2CFFB8F-7DFF-4FBA-BC7B-7CA88481596A}.Release|Any CPU.Build.0 = Release|Any CPU
		{B1629767-2E61-4E44-86CD-4D3E892548BB}.Debug|Any CPU.ActiveCfg = Debug|Any CPU
		{B1629767-2E61-4E44-86CD-4D3E892548BB}.Debug|Any CPU.Build.0 = Debug|Any CPU
		{B1629767-2E61-4E44-86CD-4D3E892548BB}.Release|Any CPU.ActiveCfg = Release|Any CPU
		{B1629767-2E61-4E44-86CD-4D3E892548BB}.Release|Any CPU.Build.0 = Release|Any CPU
		{DFDABEB2-3DAB-435F-8C2F-7793A9076864}.Debug|Any CPU.ActiveCfg = Debug|Any CPU
		{DFDABEB2-3DAB-435F-8C2F-7793A9076864}.Debug|Any CPU.Build.0 = Debug|Any CPU
		{DFDABEB2-3DAB-435F-8C2F-7793A9076864}.Release|Any CPU.ActiveCfg = Release|Any CPU
		{DFDABEB2-3DAB-435F-8C2F-7793A9076864}.Release|Any CPU.Build.0 = Release|Any CPU
		{528BABD2-1DF5-4FFC-A6C1-18FC2907CE74}.Debug|Any CPU.ActiveCfg = Debug|Any CPU
		{528BABD2-1DF5-4FFC-A6C1-18FC2907CE74}.Debug|Any CPU.Build.0 = Debug|Any CPU
		{528BABD2-1DF5-4FFC-A6C1-18FC2907CE74}.Release|Any CPU.ActiveCfg = Release|Any CPU
		{528BABD2-1DF5-4FFC-A6C1-18FC2907CE74}.Release|Any CPU.Build.0 = Release|Any CPU
		{DC04A823-2B38-4A51-86F2-BC7DB31424F9}.Debug|Any CPU.ActiveCfg = Debug|Any CPU
		{DC04A823-2B38-4A51-86F2-BC7DB31424F9}.Debug|Any CPU.Build.0 = Debug|Any CPU
		{DC04A823-2B38-4A51-86F2-BC7DB31424F9}.Release|Any CPU.ActiveCfg = Release|Any CPU
		{DC04A823-2B38-4A51-86F2-BC7DB31424F9}.Release|Any CPU.Build.0 = Release|Any CPU
		{96921727-160F-45C7-B99E-5DF2E9F79DFF}.Debug|Any CPU.ActiveCfg = Debug|Any CPU
		{96921727-160F-45C7-B99E-5DF2E9F79DFF}.Debug|Any CPU.Build.0 = Debug|Any CPU
		{96921727-160F-45C7-B99E-5DF2E9F79DFF}.Release|Any CPU.ActiveCfg = Release|Any CPU
		{96921727-160F-45C7-B99E-5DF2E9F79DFF}.Release|Any CPU.Build.0 = Release|Any CPU
		{FC169E24-29CB-493B-9A5F-633397AF3195}.Debug|Any CPU.ActiveCfg = Debug|Any CPU
		{FC169E24-29CB-493B-9A5F-633397AF3195}.Debug|Any CPU.Build.0 = Debug|Any CPU
		{FC169E24-29CB-493B-9A5F-633397AF3195}.Release|Any CPU.ActiveCfg = Release|Any CPU
		{FC169E24-29CB-493B-9A5F-633397AF3195}.Release|Any CPU.Build.0 = Release|Any CPU
	EndGlobalSection
	GlobalSection(NestedProjects) = preSolution
		{7735D66C-F8B2-4FF5-9675-FD1E441E0AA0} = {DB6BE480-3758-48ED-8261-8F8F3DFCFCBB}
		{F2898991-8067-41EE-8B83-F635F040D477} = {DB6BE480-3758-48ED-8261-8F8F3DFCFCBB}
		{C0D8A41A-C0DD-4EFF-932D-717DCF296549} = {DB6BE480-3758-48ED-8261-8F8F3DFCFCBB}
		{B50AF2DE-F02F-426B-80A8-21588622A053} = {DB6BE480-3758-48ED-8261-8F8F3DFCFCBB}
		{8412F6B5-9DD5-405B-BCFF-17107D39E7E3} = {DB6BE480-3758-48ED-8261-8F8F3DFCFCBB}
		{F14DA93A-EF27-454E-A070-16CA1288A2D3} = {DB6BE480-3758-48ED-8261-8F8F3DFCFCBB}
		{C998EC24-333A-4F77-9624-DAA3B2C202B7} = {DB6BE480-3758-48ED-8261-8F8F3DFCFCBB}
		{74D8CEA0-C915-4A3C-8201-DE4A3043E9B0} = {DB6BE480-3758-48ED-8261-8F8F3DFCFCBB}
		{D509178C-E085-4EE0-A2F6-FC905A227FD1} = {DB6BE480-3758-48ED-8261-8F8F3DFCFCBB}
		{7ACBC8A5-E9D1-4BB7-BBE0-D9C28B8D731D} = {DB6BE480-3758-48ED-8261-8F8F3DFCFCBB}
		{025E135C-E3D3-4111-BA29-011AC81D576A} = {7ACBC8A5-E9D1-4BB7-BBE0-D9C28B8D731D}
		{06DE16F3-5B3B-482E-BCC5-E227BA44BD70} = {7ACBC8A5-E9D1-4BB7-BBE0-D9C28B8D731D}
		{B22B83AC-2F10-4FAF-B3E1-3DF2BD4D6F51} = {7ACBC8A5-E9D1-4BB7-BBE0-D9C28B8D731D}
		{74BA52D4-9B02-46A2-949A-17C6E771F3D8} = {7ACBC8A5-E9D1-4BB7-BBE0-D9C28B8D731D}
		{2196AA57-3C0B-4FE9-A912-1E2783698B30} = {7735D66C-F8B2-4FF5-9675-FD1E441E0AA0}
		{C5A77969-F123-4C18-8285-2A2CC03A57DE} = {7735D66C-F8B2-4FF5-9675-FD1E441E0AA0}
		{29AE5EB0-F3E6-4B64-BCA5-066630437F98} = {7735D66C-F8B2-4FF5-9675-FD1E441E0AA0}
		{C18C1AD1-5079-4C04-88D9-DD0A670B00A0} = {7735D66C-F8B2-4FF5-9675-FD1E441E0AA0}
		{392BA9E6-08E5-47F0-9AFB-D4E98A8F3CA6} = {8D63378E-6941-4164-B2BF-EC4A8B84A90E}
		{FDA8051B-952F-4EB7-A6DC-7FF1D035ECE6} = {9B7497B2-54CE-42B6-93F6-AAFF732B0452}
		{EED809CB-E402-4BAA-9933-B79832FEFB44} = {9B7497B2-54CE-42B6-93F6-AAFF732B0452}
		{144D16BE-9E9D-4957-AEA2-566F2D150557} = {F2898991-8067-41EE-8B83-F635F040D477}
		{E6EBD2EB-66B9-4D31-AB00-5B72B9D34E92} = {F2898991-8067-41EE-8B83-F635F040D477}
		{31F5BD91-1932-4C02-A42A-E1BB0FA76133} = {F2898991-8067-41EE-8B83-F635F040D477}
		{871796EC-4E31-45FF-9DB6-3F32D3141469} = {F2898991-8067-41EE-8B83-F635F040D477}
		{BCFE9C0F-3D16-47FD-A8E3-F2D25F0F1BBC} = {7ACBC8A5-E9D1-4BB7-BBE0-D9C28B8D731D}
		{AE03B907-2924-444A-AA4F-CB4E690686D7} = {8412F6B5-9DD5-405B-BCFF-17107D39E7E3}
		{A69A12ED-7E15-44CA-B742-801EEBC1F526} = {8412F6B5-9DD5-405B-BCFF-17107D39E7E3}
		{14EF29CF-F1FA-4DF6-8EE1-5A5CFA27ED6D} = {8412F6B5-9DD5-405B-BCFF-17107D39E7E3}
		{1040F67E-CA75-4593-A74B-33F61EFEAFEC} = {8412F6B5-9DD5-405B-BCFF-17107D39E7E3}
		{180BC8B0-3D7E-4DCF-98F1-F645FA9ED3BF} = {C0D8A41A-C0DD-4EFF-932D-717DCF296549}
		{AD919499-FC27-4C13-9762-73D5F05B337F} = {74D8CEA0-C915-4A3C-8201-DE4A3043E9B0}
		{B5AAD35B-DD8E-4428-BF59-128BD1EA692D} = {C0D8A41A-C0DD-4EFF-932D-717DCF296549}
		{94800262-9CB0-4E55-8324-EBEF414ECD13} = {C0D8A41A-C0DD-4EFF-932D-717DCF296549}
		{104CBB40-3D86-4336-83C6-8050FD5CAA45} = {C0D8A41A-C0DD-4EFF-932D-717DCF296549}
		{51AC38BC-62E4-4F04-9C9A-A7F49B6A4490} = {74D8CEA0-C915-4A3C-8201-DE4A3043E9B0}
		{A5AB110A-7CCD-488C-B694-8B2E9D4C8E70} = {74D8CEA0-C915-4A3C-8201-DE4A3043E9B0}
		{DC464EDC-E43C-42A2-900B-14EA6E4166B0} = {74D8CEA0-C915-4A3C-8201-DE4A3043E9B0}
		{1CA756B8-2749-4656-84C2-16C10C83764A} = {F14DA93A-EF27-454E-A070-16CA1288A2D3}
		{A2CFFB8F-7DFF-4FBA-BC7B-7CA88481596A} = {F14DA93A-EF27-454E-A070-16CA1288A2D3}
		{B1629767-2E61-4E44-86CD-4D3E892548BB} = {F14DA93A-EF27-454E-A070-16CA1288A2D3}
		{DFDABEB2-3DAB-435F-8C2F-7793A9076864} = {F14DA93A-EF27-454E-A070-16CA1288A2D3}
		{528BABD2-1DF5-4FFC-A6C1-18FC2907CE74} = {D509178C-E085-4EE0-A2F6-FC905A227FD1}
		{DC04A823-2B38-4A51-86F2-BC7DB31424F9} = {D509178C-E085-4EE0-A2F6-FC905A227FD1}
		{96921727-160F-45C7-B99E-5DF2E9F79DFF} = {D509178C-E085-4EE0-A2F6-FC905A227FD1}
		{FC169E24-29CB-493B-9A5F-633397AF3195} = {D509178C-E085-4EE0-A2F6-FC905A227FD1}
	EndGlobalSection
EndGlobal
