
Microsoft Visual Studio Solution File, Format Version 12.00
Project("{2150E333-8FDC-42A3-9474-1A3956D46DE8}") = "Solution Items", "Solution Items", "{33E7178C-BB27-409E-94A1-47EF2CD9EF75}"
	ProjectSection(SolutionItems) = preProject
		compose.yaml = compose.yaml
	EndProjectSection
EndProject
Project("{2150E333-8FDC-42A3-9474-1A3956D46DE8}") = "Services", "Services", "{DB6BE480-3758-48ED-8261-8F8F3DFCFCBB}"
EndProject
Project("{2150E333-8FDC-42A3-9474-1A3956D46DE8}") = "AuthService", "AuthService", "{7735D66C-F8B2-4FF5-9675-FD1E441E0AA0}"
EndProject
Project("{2150E333-8FDC-42A3-9474-1A3956D46DE8}") = "StudentService", "StudentService", "{F2898991-8067-41EE-8B83-F635F040D477}"
EndProject
Project("{2150E333-8FDC-42A3-9474-1A3956D46DE8}") = "TeacherService", "TeacherService", "{C0D8A41A-C0DD-4EFF-932D-717DCF296549}"
EndProject
Project("{2150E333-8FDC-42A3-9474-1A3956D46DE8}") = "CourseService", "CourseService", "{B50AF2DE-F02F-426B-80A8-21588622A053}"
EndProject
Project("{2150E333-8FDC-42A3-9474-1A3956D46DE8}") = "QuizAndAssigmentService", "QuizAndAssigmentService", "{8412F6B5-9DD5-405B-BCFF-17107D39E7E3}"
EndProject
Project("{2150E333-8FDC-42A3-9474-1A3956D46DE8}") = "PaymetService", "PaymetService", "{F14DA93A-EF27-454E-A070-16CA1288A2D3}"
EndProject
Project("{2150E333-8FDC-42A3-9474-1A3956D46DE8}") = "AiService", "AiService", "{C998EC24-333A-4F77-9624-DAA3B2C202B7}"
EndProject
Project("{2150E333-8FDC-42A3-9474-1A3956D46DE8}") = "UtilityService", "UtilityService", "{74D8CEA0-C915-4A3C-8201-DE4A3043E9B0}"
EndProject
Project("{2150E333-8FDC-42A3-9474-1A3956D46DE8}") = "NotificationService", "NotificationService", "{D509178C-E085-4EE0-A2F6-FC905A227FD1}"
EndProject
Project("{2150E333-8FDC-42A3-9474-1A3956D46DE8}") = "BaseService", "BaseService", "{7ACBC8A5-E9D1-4BB7-BBE0-D9C28B8D731D}"
EndProject
Project("{FAE04EC0-301F-11D3-BF4B-00C04F79EFBC}") = "BaseService.API", "Services\BaseService\BaseService.API\BaseService.API.csproj", "{148D0D21-9EE0-4DCA-9E5C-52301F19D7A5}"
EndProject
Project("{FAE04EC0-301F-11D3-BF4B-00C04F79EFBC}") = "BaseService.Application", "Services\BaseService\BaseService.Application\BaseService.Application.csproj", "{025E135C-E3D3-4111-BA29-011AC81D576A}"
EndProject
Project("{FAE04EC0-301F-11D3-BF4B-00C04F79EFBC}") = "BaseService.Infrastructure", "Services\BaseService\BaseService.Infrastructure\BaseService.Infrastructure.csproj", "{06DE16F3-5B3B-482E-BCC5-E227BA44BD70}"
EndProject
Project("{FAE04EC0-301F-11D3-BF4B-00C04F79EFBC}") = "BaseService.Common", "Services\BaseService\BaseService.Common\BaseService.Common.csproj", "{B22B83AC-2F10-4FAF-B3E1-3DF2BD4D6F51}"
EndProject
Project("{FAE04EC0-301F-11D3-BF4B-00C04F79EFBC}") = "BaseService.Domain", "Services\BaseService\BaseService.Domain\BaseService.Domain.csproj", "{74BA52D4-9B02-46A2-949A-17C6E771F3D8}"
EndProject
Project("{2150E333-8FDC-42A3-9474-1A3956D46DE8}") = "Gateways", "Gateways", "{8D63378E-6941-4164-B2BF-EC4A8B84A90E}"
EndProject
Project("{FAE04EC0-301F-11D3-BF4B-00C04F79EFBC}") = "AuthService.API", "Services\AuthService\AuthService.API\AuthService.API.csproj", "{2196AA57-3C0B-4FE9-A912-1E2783698B30}"
EndProject
Project("{FAE04EC0-301F-11D3-BF4B-00C04F79EFBC}") = "AuthService.Application", "Services\AuthService\AuthService.Application\AuthService.Application.csproj", "{C5A77969-F123-4C18-8285-2A2CC03A57DE}"
EndProject
Project("{FAE04EC0-301F-11D3-BF4B-00C04F79EFBC}") = "AuthService.Domain", "Services\AuthService\AuthService.Domain\AuthService.Domain.csproj", "{29AE5EB0-F3E6-4B64-BCA5-066630437F98}"
EndProject
Project("{FAE04EC0-301F-11D3-BF4B-00C04F79EFBC}") = "AuthService.Infrastructure", "Services\AuthService\AuthService.Infrastructure\AuthService.Infrastructure.csproj", "{C18C1AD1-5079-4C04-88D9-DD0A670B00A0}"
EndProject
Project("{FAE04EC0-301F-11D3-BF4B-00C04F79EFBC}") = "ReverseProxy", "Gateways\ReverseProxy\ReverseProxy.csproj", "{392BA9E6-08E5-47F0-9AFB-D4E98A8F3CA6}"
EndProject
Global
	GlobalSection(SolutionConfigurationPlatforms) = preSolution
		Debug|Any CPU = Debug|Any CPU
		Release|Any CPU = Release|Any CPU
	EndGlobalSection
	GlobalSection(ProjectConfigurationPlatforms) = postSolution
		{148D0D21-9EE0-4DCA-9E5C-52301F19D7A5}.Debug|Any CPU.ActiveCfg = Debug|Any CPU
		{148D0D21-9EE0-4DCA-9E5C-52301F19D7A5}.Debug|Any CPU.Build.0 = Debug|Any CPU
		{148D0D21-9EE0-4DCA-9E5C-52301F19D7A5}.Release|Any CPU.ActiveCfg = Release|Any CPU
		{148D0D21-9EE0-4DCA-9E5C-52301F19D7A5}.Release|Any CPU.Build.0 = Release|Any CPU
		{025E135C-E3D3-4111-BA29-011AC81D576A}.Debug|Any CPU.ActiveCfg = Debug|Any CPU
		{025E135C-E3D3-4111-BA29-011AC81D576A}.Debug|Any CPU.Build.0 = Debug|Any CPU
		{025E135C-E3D3-4111-BA29-011AC81D576A}.Release|Any CPU.ActiveCfg = Release|Any CPU
		{025E135C-E3D3-4111-BA29-011AC81D576A}.Release|Any CPU.Build.0 = Release|Any CPU
		{06DE16F3-5B3B-482E-BCC5-E227BA44BD70}.Debug|Any CPU.ActiveCfg = Debug|Any CPU
		{06DE16F3-5B3B-482E-BCC5-E227BA44BD70}.Debug|Any CPU.Build.0 = Debug|Any CPU
		{06DE16F3-5B3B-482E-BCC5-E227BA44BD70}.Release|Any CPU.ActiveCfg = Release|Any CPU
		{06DE16F3-5B3B-482E-BCC5-E227BA44BD70}.Release|Any CPU.Build.0 = Release|Any CPU
		{B22B83AC-2F10-4FAF-B3E1-3DF2BD4D6F51}.Debug|Any CPU.ActiveCfg = Debug|Any CPU
		{B22B83AC-2F10-4FAF-B3E1-3DF2BD4D6F51}.Debug|Any CPU.Build.0 = Debug|Any CPU
		{B22B83AC-2F10-4FAF-B3E1-3DF2BD4D6F51}.Release|Any CPU.ActiveCfg = Release|Any CPU
		{B22B83AC-2F10-4FAF-B3E1-3DF2BD4D6F51}.Release|Any CPU.Build.0 = Release|Any CPU
		{74BA52D4-9B02-46A2-949A-17C6E771F3D8}.Debug|Any CPU.ActiveCfg = Debug|Any CPU
		{74BA52D4-9B02-46A2-949A-17C6E771F3D8}.Debug|Any CPU.Build.0 = Debug|Any CPU
		{74BA52D4-9B02-46A2-949A-17C6E771F3D8}.Release|Any CPU.ActiveCfg = Release|Any CPU
		{74BA52D4-9B02-46A2-949A-17C6E771F3D8}.Release|Any CPU.Build.0 = Release|Any CPU
		{2196AA57-3C0B-4FE9-A912-1E2783698B30}.Debug|Any CPU.ActiveCfg = Debug|Any CPU
		{2196AA57-3C0B-4FE9-A912-1E2783698B30}.Debug|Any CPU.Build.0 = Debug|Any CPU
		{2196AA57-3C0B-4FE9-A912-1E2783698B30}.Release|Any CPU.ActiveCfg = Release|Any CPU
		{2196AA57-3C0B-4FE9-A912-1E2783698B30}.Release|Any CPU.Build.0 = Release|Any CPU
		{C5A77969-F123-4C18-8285-2A2CC03A57DE}.Debug|Any CPU.ActiveCfg = Debug|Any CPU
		{C5A77969-F123-4C18-8285-2A2CC03A57DE}.Debug|Any CPU.Build.0 = Debug|Any CPU
		{C5A77969-F123-4C18-8285-2A2CC03A57DE}.Release|Any CPU.ActiveCfg = Release|Any CPU
		{C5A77969-F123-4C18-8285-2A2CC03A57DE}.Release|Any CPU.Build.0 = Release|Any CPU
		{29AE5EB0-F3E6-4B64-BCA5-066630437F98}.Debug|Any CPU.ActiveCfg = Debug|Any CPU
		{29AE5EB0-F3E6-4B64-BCA5-066630437F98}.Debug|Any CPU.Build.0 = Debug|Any CPU
		{29AE5EB0-F3E6-4B64-BCA5-066630437F98}.Release|Any CPU.ActiveCfg = Release|Any CPU
		{29AE5EB0-F3E6-4B64-BCA5-066630437F98}.Release|Any CPU.Build.0 = Release|Any CPU
		{C18C1AD1-5079-4C04-88D9-DD0A670B00A0}.Debug|Any CPU.ActiveCfg = Debug|Any CPU
		{C18C1AD1-5079-4C04-88D9-DD0A670B00A0}.Debug|Any CPU.Build.0 = Debug|Any CPU
		{C18C1AD1-5079-4C04-88D9-DD0A670B00A0}.Release|Any CPU.ActiveCfg = Release|Any CPU
		{C18C1AD1-5079-4C04-88D9-DD0A670B00A0}.Release|Any CPU.Build.0 = Release|Any CPU
		{392BA9E6-08E5-47F0-9AFB-D4E98A8F3CA6}.Debug|Any CPU.ActiveCfg = Debug|Any CPU
		{392BA9E6-08E5-47F0-9AFB-D4E98A8F3CA6}.Debug|Any CPU.Build.0 = Debug|Any CPU
		{392BA9E6-08E5-47F0-9AFB-D4E98A8F3CA6}.Release|Any CPU.ActiveCfg = Release|Any CPU
		{392BA9E6-08E5-47F0-9AFB-D4E98A8F3CA6}.Release|Any CPU.Build.0 = Release|Any CPU
	EndGlobalSection
	GlobalSection(NestedProjects) = preSolution
		{7735D66C-F8B2-4FF5-9675-FD1E441E0AA0} = {DB6BE480-3758-48ED-8261-8F8F3DFCFCBB}
		{F2898991-8067-41EE-8B83-F635F040D477} = {DB6BE480-3758-48ED-8261-8F8F3DFCFCBB}
		{C0D8A41A-C0DD-4EFF-932D-717DCF296549} = {DB6BE480-3758-48ED-8261-8F8F3DFCFCBB}
		{B50AF2DE-F02F-426B-80A8-21588622A053} = {DB6BE480-3758-48ED-8261-8F8F3DFCFCBB}
		{8412F6B5-9DD5-405B-BCFF-17107D39E7E3} = {DB6BE480-3758-48ED-8261-8F8F3DFCFCBB}
		{F14DA93A-EF27-454E-A070-16CA1288A2D3} = {DB6BE480-3758-48ED-8261-8F8F3DFCFCBB}
		{C998EC24-333A-4F77-9624-DAA3B2C202B7} = {DB6BE480-3758-48ED-8261-8F8F3DFCFCBB}
		{74D8CEA0-C915-4A3C-8201-DE4A3043E9B0} = {DB6BE480-3758-48ED-8261-8F8F3DFCFCBB}
		{D509178C-E085-4EE0-A2F6-FC905A227FD1} = {DB6BE480-3758-48ED-8261-8F8F3DFCFCBB}
		{7ACBC8A5-E9D1-4BB7-BBE0-D9C28B8D731D} = {DB6BE480-3758-48ED-8261-8F8F3DFCFCBB}
		{148D0D21-9EE0-4DCA-9E5C-52301F19D7A5} = {7ACBC8A5-E9D1-4BB7-BBE0-D9C28B8D731D}
		{025E135C-E3D3-4111-BA29-011AC81D576A} = {7ACBC8A5-E9D1-4BB7-BBE0-D9C28B8D731D}
		{06DE16F3-5B3B-482E-BCC5-E227BA44BD70} = {7ACBC8A5-E9D1-4BB7-BBE0-D9C28B8D731D}
		{B22B83AC-2F10-4FAF-B3E1-3DF2BD4D6F51} = {7ACBC8A5-E9D1-4BB7-BBE0-D9C28B8D731D}
		{74BA52D4-9B02-46A2-949A-17C6E771F3D8} = {7ACBC8A5-E9D1-4BB7-BBE0-D9C28B8D731D}
		{2196AA57-3C0B-4FE9-A912-1E2783698B30} = {7735D66C-F8B2-4FF5-9675-FD1E441E0AA0}
		{C5A77969-F123-4C18-8285-2A2CC03A57DE} = {7735D66C-F8B2-4FF5-9675-FD1E441E0AA0}
		{29AE5EB0-F3E6-4B64-BCA5-066630437F98} = {7735D66C-F8B2-4FF5-9675-FD1E441E0AA0}
		{C18C1AD1-5079-4C04-88D9-DD0A670B00A0} = {7735D66C-F8B2-4FF5-9675-FD1E441E0AA0}
		{392BA9E6-08E5-47F0-9AFB-D4E98A8F3CA6} = {8D63378E-6941-4164-B2BF-EC4A8B84A90E}
	EndGlobalSection
EndGlobal
